# THIS IS AN AUTOGENERATED FILE. DO NOT EDIT THIS FILE DIRECTLY.
# yarn lockfile v1


"@esbuild/aix-ppc64@0.20.2":
  version "0.20.2"
  resolved "https://registry.yarnpkg.com/@esbuild/aix-ppc64/-/aix-ppc64-0.20.2.tgz#a70f4ac11c6a1dfc18b8bbb13284155d933b9537"
  integrity sha512-D+EBOJHXdNZcLJRBkhENNG8Wji2kgc9AZ9KiPr1JuZjsNtyHzrsfLRrY0tk2H2aoFu6RANO1y1iPPUCDYWkb5g==

"@esbuild/android-arm64@0.20.2":
  version "0.20.2"
  resolved "https://registry.yarnpkg.com/@esbuild/android-arm64/-/android-arm64-0.20.2.tgz#db1c9202a5bc92ea04c7b6840f1bbe09ebf9e6b9"
  integrity sha512-mRzjLacRtl/tWU0SvD8lUEwb61yP9cqQo6noDZP/O8VkwafSYwZ4yWy24kan8jE/IMERpYncRt2dw438LP3Xmg==

"@esbuild/android-arm@0.20.2":
  version "0.20.2"
  resolved "https://registry.yarnpkg.com/@esbuild/android-arm/-/android-arm-0.20.2.tgz#3b488c49aee9d491c2c8f98a909b785870d6e995"
  integrity sha512-t98Ra6pw2VaDhqNWO2Oph2LXbz/EJcnLmKLGBJwEwXX/JAN83Fym1rU8l0JUWK6HkIbWONCSSatf4sf2NBRx/w==

"@esbuild/android-x64@0.20.2":
  version "0.20.2"
  resolved "https://registry.yarnpkg.com/@esbuild/android-x64/-/android-x64-0.20.2.tgz#3b1628029e5576249d2b2d766696e50768449f98"
  integrity sha512-btzExgV+/lMGDDa194CcUQm53ncxzeBrWJcncOBxuC6ndBkKxnHdFJn86mCIgTELsooUmwUm9FkhSp5HYu00Rg==

"@esbuild/darwin-arm64@0.20.2":
  version "0.20.2"
  resolved "https://registry.yarnpkg.com/@esbuild/darwin-arm64/-/darwin-arm64-0.20.2.tgz#6e8517a045ddd86ae30c6608c8475ebc0c4000bb"
  integrity sha512-4J6IRT+10J3aJH3l1yzEg9y3wkTDgDk7TSDFX+wKFiWjqWp/iCfLIYzGyasx9l0SAFPT1HwSCR+0w/h1ES/MjA==

"@esbuild/darwin-x64@0.20.2":
  version "0.20.2"
  resolved "https://registry.yarnpkg.com/@esbuild/darwin-x64/-/darwin-x64-0.20.2.tgz#90ed098e1f9dd8a9381695b207e1cff45540a0d0"
  integrity sha512-tBcXp9KNphnNH0dfhv8KYkZhjc+H3XBkF5DKtswJblV7KlT9EI2+jeA8DgBjp908WEuYll6pF+UStUCfEpdysA==

"@esbuild/freebsd-arm64@0.20.2":
  version "0.20.2"
  resolved "https://registry.yarnpkg.com/@esbuild/freebsd-arm64/-/freebsd-arm64-0.20.2.tgz#d71502d1ee89a1130327e890364666c760a2a911"
  integrity sha512-d3qI41G4SuLiCGCFGUrKsSeTXyWG6yem1KcGZVS+3FYlYhtNoNgYrWcvkOoaqMhwXSMrZRl69ArHsGJ9mYdbbw==

"@esbuild/freebsd-x64@0.20.2":
  version "0.20.2"
  resolved "https://registry.yarnpkg.com/@esbuild/freebsd-x64/-/freebsd-x64-0.20.2.tgz#aa5ea58d9c1dd9af688b8b6f63ef0d3d60cea53c"
  integrity sha512-d+DipyvHRuqEeM5zDivKV1KuXn9WeRX6vqSqIDgwIfPQtwMP4jaDsQsDncjTDDsExT4lR/91OLjRo8bmC1e+Cw==

"@esbuild/linux-arm64@0.20.2":
  version "0.20.2"
  resolved "https://registry.yarnpkg.com/@esbuild/linux-arm64/-/linux-arm64-0.20.2.tgz#055b63725df678379b0f6db9d0fa85463755b2e5"
  integrity sha512-9pb6rBjGvTFNira2FLIWqDk/uaf42sSyLE8j1rnUpuzsODBq7FvpwHYZxQ/It/8b+QOS1RYfqgGFNLRI+qlq2A==

"@esbuild/linux-arm@0.20.2":
  version "0.20.2"
  resolved "https://registry.yarnpkg.com/@esbuild/linux-arm/-/linux-arm-0.20.2.tgz#76b3b98cb1f87936fbc37f073efabad49dcd889c"
  integrity sha512-VhLPeR8HTMPccbuWWcEUD1Az68TqaTYyj6nfE4QByZIQEQVWBB8vup8PpR7y1QHL3CpcF6xd5WVBU/+SBEvGTg==

"@esbuild/linux-ia32@0.20.2":
  version "0.20.2"
  resolved "https://registry.yarnpkg.com/@esbuild/linux-ia32/-/linux-ia32-0.20.2.tgz#c0e5e787c285264e5dfc7a79f04b8b4eefdad7fa"
  integrity sha512-o10utieEkNPFDZFQm9CoP7Tvb33UutoJqg3qKf1PWVeeJhJw0Q347PxMvBgVVFgouYLGIhFYG0UGdBumROyiig==

"@esbuild/linux-loong64@0.20.2":
  version "0.20.2"
  resolved "https://registry.yarnpkg.com/@esbuild/linux-loong64/-/linux-loong64-0.20.2.tgz#a6184e62bd7cdc63e0c0448b83801001653219c5"
  integrity sha512-PR7sp6R/UC4CFVomVINKJ80pMFlfDfMQMYynX7t1tNTeivQ6XdX5r2XovMmha/VjR1YN/HgHWsVcTRIMkymrgQ==

"@esbuild/linux-mips64el@0.20.2":
  version "0.20.2"
  resolved "https://registry.yarnpkg.com/@esbuild/linux-mips64el/-/linux-mips64el-0.20.2.tgz#d08e39ce86f45ef8fc88549d29c62b8acf5649aa"
  integrity sha512-4BlTqeutE/KnOiTG5Y6Sb/Hw6hsBOZapOVF6njAESHInhlQAghVVZL1ZpIctBOoTFbQyGW+LsVYZ8lSSB3wkjA==

"@esbuild/linux-ppc64@0.20.2":
  version "0.20.2"
  resolved "https://registry.yarnpkg.com/@esbuild/linux-ppc64/-/linux-ppc64-0.20.2.tgz#8d252f0b7756ffd6d1cbde5ea67ff8fd20437f20"
  integrity sha512-rD3KsaDprDcfajSKdn25ooz5J5/fWBylaaXkuotBDGnMnDP1Uv5DLAN/45qfnf3JDYyJv/ytGHQaziHUdyzaAg==

"@esbuild/linux-riscv64@0.20.2":
  version "0.20.2"
  resolved "https://registry.yarnpkg.com/@esbuild/linux-riscv64/-/linux-riscv64-0.20.2.tgz#19f6dcdb14409dae607f66ca1181dd4e9db81300"
  integrity sha512-snwmBKacKmwTMmhLlz/3aH1Q9T8v45bKYGE3j26TsaOVtjIag4wLfWSiZykXzXuE1kbCE+zJRmwp+ZbIHinnVg==

"@esbuild/linux-s390x@0.20.2":
  version "0.20.2"
  resolved "https://registry.yarnpkg.com/@esbuild/linux-s390x/-/linux-s390x-0.20.2.tgz#3c830c90f1a5d7dd1473d5595ea4ebb920988685"
  integrity sha512-wcWISOobRWNm3cezm5HOZcYz1sKoHLd8VL1dl309DiixxVFoFe/o8HnwuIwn6sXre88Nwj+VwZUvJf4AFxkyrQ==

"@esbuild/linux-x64@0.20.2":
  version "0.20.2"
  resolved "https://registry.yarnpkg.com/@esbuild/linux-x64/-/linux-x64-0.20.2.tgz#86eca35203afc0d9de0694c64ec0ab0a378f6fff"
  integrity sha512-1MdwI6OOTsfQfek8sLwgyjOXAu+wKhLEoaOLTjbijk6E2WONYpH9ZU2mNtR+lZ2B4uwr+usqGuVfFT9tMtGvGw==

"@esbuild/netbsd-x64@0.20.2":
  version "0.20.2"
  resolved "https://registry.yarnpkg.com/@esbuild/netbsd-x64/-/netbsd-x64-0.20.2.tgz#e771c8eb0e0f6e1877ffd4220036b98aed5915e6"
  integrity sha512-K8/DhBxcVQkzYc43yJXDSyjlFeHQJBiowJ0uVL6Tor3jGQfSGHNNJcWxNbOI8v5k82prYqzPuwkzHt3J1T1iZQ==

"@esbuild/openbsd-x64@0.20.2":
  version "0.20.2"
  resolved "https://registry.yarnpkg.com/@esbuild/openbsd-x64/-/openbsd-x64-0.20.2.tgz#9a795ae4b4e37e674f0f4d716f3e226dd7c39baf"
  integrity sha512-eMpKlV0SThJmmJgiVyN9jTPJ2VBPquf6Kt/nAoo6DgHAoN57K15ZghiHaMvqjCye/uU4X5u3YSMgVBI1h3vKrQ==

"@esbuild/sunos-x64@0.20.2":
  version "0.20.2"
  resolved "https://registry.yarnpkg.com/@esbuild/sunos-x64/-/sunos-x64-0.20.2.tgz#7df23b61a497b8ac189def6e25a95673caedb03f"
  integrity sha512-2UyFtRC6cXLyejf/YEld4Hajo7UHILetzE1vsRcGL3earZEW77JxrFjH4Ez2qaTiEfMgAXxfAZCm1fvM/G/o8w==

"@esbuild/win32-arm64@0.20.2":
  version "0.20.2"
  resolved "https://registry.yarnpkg.com/@esbuild/win32-arm64/-/win32-arm64-0.20.2.tgz#f1ae5abf9ca052ae11c1bc806fb4c0f519bacf90"
  integrity sha512-GRibxoawM9ZCnDxnP3usoUDO9vUkpAxIIZ6GQI+IlVmr5kP3zUq+l17xELTHMWTWzjxa2guPNyrpq1GWmPvcGQ==

"@esbuild/win32-ia32@0.20.2":
  version "0.20.2"
  resolved "https://registry.yarnpkg.com/@esbuild/win32-ia32/-/win32-ia32-0.20.2.tgz#241fe62c34d8e8461cd708277813e1d0ba55ce23"
  integrity sha512-HfLOfn9YWmkSKRQqovpnITazdtquEW8/SoHW7pWpuEeguaZI4QnCRW6b+oZTztdBnZOS2hqJ6im/D5cPzBTTlQ==

"@esbuild/win32-x64@0.20.2":
  version "0.20.2"
  resolved "https://registry.yarnpkg.com/@esbuild/win32-x64/-/win32-x64-0.20.2.tgz#9c907b21e30a52db959ba4f80bb01a0cc403d5cc"
  integrity sha512-N49X4lJX27+l9jbLKSqZ6bKNjzQvHaT8IIFUy+YIqmXQdjYCToGWwOItDrfby14c78aDd5NHQl29xingXfCdLQ==

"@types/node-fetch@^2.6.4":
  version "2.6.11"
  resolved "https://registry.yarnpkg.com/@types/node-fetch/-/node-fetch-2.6.11.tgz#9b39b78665dae0e82a08f02f4967d62c66f95d24"
  integrity sha512-24xFj9R5+rfQJLRyM56qh+wnVSYhyXC2tkoBndtY0U+vubqNsYXGjufB2nn8Q6gt0LrARwL6UBtMCSVCwl4B1g==
  dependencies:
    "@types/node" "*"
    form-data "^4.0.0"

"@types/node@*", "@types/node@^20.12.11":
  version "20.12.11"
  resolved "https://registry.yarnpkg.com/@types/node/-/node-20.12.11.tgz#c4ef00d3507000d17690643278a60dc55a9dc9be"
  integrity sha512-vDg9PZ/zi+Nqp6boSOT7plNuthRugEKixDv5sFTIpkE89MmNtEArAShI4mxuX2+UrLEe9pxC1vm2cjm9YlWbJw==
  dependencies:
    undici-types "~5.26.4"

"@types/node@^18.11.18":
  version "18.19.33"
  resolved "https://registry.yarnpkg.com/@types/node/-/node-18.19.33.tgz#98cd286a1b8a5e11aa06623210240bcc28e95c48"
  integrity sha512-NR9+KrpSajr2qBVp/Yt5TU/rp+b5Mayi3+OlMlcg2cVCfRmcG5PWZ7S4+MG9PZ5gWBoc9Pd0BKSRViuBCRPu0A==
  dependencies:
    undici-types "~5.26.4"

abort-controller@^3.0.0:
  version "3.0.0"
  resolved "https://registry.yarnpkg.com/abort-controller/-/abort-controller-3.0.0.tgz#eaf54d53b62bae4138e809ca225c8439a6efb392"
  integrity sha512-h8lQ8tacZYnR3vNQTgibj+tODHI5/+l06Au2Pcriv/Gmet0eaj4TwWH41sO9wnHDiQsEj19q0drzdWdeAHtweg==
  dependencies:
    event-target-shim "^5.0.0"

agentkeepalive@^4.2.1:
  version "4.5.0"
  resolved "https://registry.yarnpkg.com/agentkeepalive/-/agentkeepalive-4.5.0.tgz#2673ad1389b3c418c5a20c5d7364f93ca04be923"
  integrity sha512-5GG/5IbQQpC9FpkRGsSvZI5QYeSCzlJHdpBQntCsuTOxhKD8lqKhrleg2Yi7yvMIf82Ycmmqln9U8V9qwEiJew==
  dependencies:
    humanize-ms "^1.2.1"

asynckit@^0.4.0:
  version "0.4.0"
  resolved "https://registry.yarnpkg.com/asynckit/-/asynckit-0.4.0.tgz#c79ed97f7f34cb8f2ba1bc9790bcc366474b4b79"
  integrity sha512-Oei9OH4tRh0YqU3GxhX79dM/mwVgvbZJaSNaRk+bshkj0S5cfHcgYakreBjrHwatXKbz+IoIdYLxrKim2MjW0Q==

base-64@^0.1.0:
  version "0.1.0"
  resolved "https://registry.yarnpkg.com/base-64/-/base-64-0.1.0.tgz#780a99c84e7d600260361511c4877613bf24f6bb"
  integrity sha512-Y5gU45svrR5tI2Vt/X9GPd3L0HNIKzGu202EjxrXMpuc2V2CiKgemAbUUsqYmZJvPtCXoUKjNZwBJzsNScUbXA==

charenc@0.0.2:
  version "0.0.2"
  resolved "https://registry.yarnpkg.com/charenc/-/charenc-0.0.2.tgz#c0a1d2f3a7092e03774bfa83f14c0fc5790a8667"
  integrity sha512-yrLQ/yVUFXkzg7EDQsPieE/53+0RlaWTs+wBrvW36cyilJ2SaDWfl4Yj7MtLTXleV9uEKefbAGUPv2/iWSooRA==

combined-stream@^1.0.8:
  version "1.0.8"
  resolved "https://registry.yarnpkg.com/combined-stream/-/combined-stream-1.0.8.tgz#c3d45a8b34fd730631a110a8a2520682b31d5a7f"
  integrity sha512-FQN4MRfuJeHf7cBbBMJFXhKSDq+2kAArBlmRBvcvFE5BB1HZKXtSFASDhdlz9zOYwxh8lDdnvmMOe/+5cdoEdg==
  dependencies:
    delayed-stream "~1.0.0"

crypt@0.0.2:
  version "0.0.2"
  resolved "https://registry.yarnpkg.com/crypt/-/crypt-0.0.2.tgz#88d7ff7ec0dfb86f713dc87bbb42d044d3e6c41b"
  integrity sha512-mCxBlsHFYh9C+HVpiEacem8FEBnMXgU9gy4zmNC+SXAZNB/1idgp/aulFJ4FgCi7GPEVbfyng092GqL2k2rmow==

delayed-stream@~1.0.0:
  version "1.0.0"
  resolved "https://registry.yarnpkg.com/delayed-stream/-/delayed-stream-1.0.0.tgz#df3ae199acadfb7d440aaae0b29e2272b24ec619"
  integrity sha512-ZySD7Nf91aLB0RxL4KGrKHBXl7Eds1DAmEdcoVawXnLD7SDhpNgtuII2aAkg7a7QS41jxPSZ17p4VdGnMHk3MQ==

digest-fetch@^1.3.0:
  version "1.3.0"
  resolved "https://registry.yarnpkg.com/digest-fetch/-/digest-fetch-1.3.0.tgz#898e69264d00012a23cf26e8a3e40320143fc661"
  integrity sha512-CGJuv6iKNM7QyZlM2T3sPAdZWd/p9zQiRNS9G+9COUCwzWFTs0Xp8NF5iePx7wtvhDykReiRRrSeNb4oMmB8lA==
  dependencies:
    base-64 "^0.1.0"
    md5 "^2.3.0"

dotenv@^16.4.5:
  version "16.4.5"
  resolved "https://registry.yarnpkg.com/dotenv/-/dotenv-16.4.5.tgz#cdd3b3b604cb327e286b4762e13502f717cb099f"
  integrity sha512-ZmdL2rui+eB2YwhsWzjInR8LldtZHGDoQ1ugH85ppHKwpUHL7j7rN0Ti9NCnGiQbhaZ11FpR+7ao1dNsmduNUg==

esbuild@~0.20.2:
  version "0.20.2"
  resolved "https://registry.yarnpkg.com/esbuild/-/esbuild-0.20.2.tgz#9d6b2386561766ee6b5a55196c6d766d28c87ea1"
  integrity sha512-WdOOppmUNU+IbZ0PaDiTst80zjnrOkyJNHoKupIcVyU8Lvla3Ugx94VzkQ32Ijqd7UhHJy75gNWDMUekcrSJ6g==
  optionalDependencies:
    "@esbuild/aix-ppc64" "0.20.2"
    "@esbuild/android-arm" "0.20.2"
    "@esbuild/android-arm64" "0.20.2"
    "@esbuild/android-x64" "0.20.2"
    "@esbuild/darwin-arm64" "0.20.2"
    "@esbuild/darwin-x64" "0.20.2"
    "@esbuild/freebsd-arm64" "0.20.2"
    "@esbuild/freebsd-x64" "0.20.2"
    "@esbuild/linux-arm" "0.20.2"
    "@esbuild/linux-arm64" "0.20.2"
    "@esbuild/linux-ia32" "0.20.2"
    "@esbuild/linux-loong64" "0.20.2"
    "@esbuild/linux-mips64el" "0.20.2"
    "@esbuild/linux-ppc64" "0.20.2"
    "@esbuild/linux-riscv64" "0.20.2"
    "@esbuild/linux-s390x" "0.20.2"
    "@esbuild/linux-x64" "0.20.2"
    "@esbuild/netbsd-x64" "0.20.2"
    "@esbuild/openbsd-x64" "0.20.2"
    "@esbuild/sunos-x64" "0.20.2"
    "@esbuild/win32-arm64" "0.20.2"
    "@esbuild/win32-ia32" "0.20.2"
    "@esbuild/win32-x64" "0.20.2"

event-target-shim@^5.0.0:
  version "5.0.1"
  resolved "https://registry.yarnpkg.com/event-target-shim/-/event-target-shim-5.0.1.tgz#5d4d3ebdf9583d63a5333ce2deb7480ab2b05789"
  integrity sha512-i/2XbnSz/uxRCU6+NdVJgKWDTM427+MqYbkQzD321DuCQJUqOuJKIA0IM2+W2xtYHdKOmZ4dR6fExsd4SXL+WQ==

form-data-encoder@1.7.2:
  version "1.7.2"
  resolved "https://registry.yarnpkg.com/form-data-encoder/-/form-data-encoder-1.7.2.tgz#1f1ae3dccf58ed4690b86d87e4f57c654fbab040"
  integrity sha512-qfqtYan3rxrnCk1VYaA4H+Ms9xdpPqvLZa6xmMgFvhO32x7/3J/ExcTd6qpxM0vH2GdMI+poehyBZvqfMTto8A==

form-data@^4.0.0:
  version "4.0.0"
  resolved "https://registry.yarnpkg.com/form-data/-/form-data-4.0.0.tgz#93919daeaf361ee529584b9b31664dc12c9fa452"
  integrity sha512-ETEklSGi5t0QMZuiXoA/Q6vcnxcLQP5vdugSpuAyi6SVGi2clPPp+xgEhuMaHC+zGgn31Kd235W35f7Hykkaww==
  dependencies:
    asynckit "^0.4.0"
    combined-stream "^1.0.8"
    mime-types "^2.1.12"

formdata-node@^4.3.2:
  version "4.4.1"
  resolved "https://registry.yarnpkg.com/formdata-node/-/formdata-node-4.4.1.tgz#23f6a5cb9cb55315912cbec4ff7b0f59bbd191e2"
  integrity sha512-0iirZp3uVDjVGt9p49aTaqjk84TrglENEDuqfdlZQ1roC9CWlPk6Avf8EEnZNcAqPonwkG35x4n3ww/1THYAeQ==
  dependencies:
    node-domexception "1.0.0"
    web-streams-polyfill "4.0.0-beta.3"

fsevents@~2.3.3:
  version "2.3.3"
  resolved "https://registry.yarnpkg.com/fsevents/-/fsevents-2.3.3.tgz#cac6407785d03675a2a5e1a5305c697b347d90d6"
  integrity sha512-5xoDfX+fL7faATnagmWPpbFtwh/R77WmMMqqHGS65C3vvB0YHrgF+B1YmZ3441tMj5n63k0212XNoJwzlhffQw==

get-tsconfig@^4.7.3:
  version "4.7.5"
  resolved "https://registry.yarnpkg.com/get-tsconfig/-/get-tsconfig-4.7.5.tgz#5e012498579e9a6947511ed0cd403272c7acbbaf"
  integrity sha512-ZCuZCnlqNzjb4QprAzXKdpp/gh6KTxSJuw3IBsPnV/7fV4NxC9ckB+vPTt8w7fJA0TaSD7c55BR47JD6MEDyDw==
  dependencies:
    resolve-pkg-maps "^1.0.0"

groq-sdk@^0.3.3:
  version "0.3.3"
  resolved "https://registry.yarnpkg.com/groq-sdk/-/groq-sdk-0.3.3.tgz#88cecb4049fc899b97be7396ce087fa46a704258"
  integrity sha512-wdOeZ2QymPjjP3tmFpUAnfMisoLbt7xF2MfpROeFAngcqWbfTyB9j9pMWSEAMF/E4gZx8f2Y+5zswO0q92CSxA==
  dependencies:
    "@types/node" "^18.11.18"
    "@types/node-fetch" "^2.6.4"
    abort-controller "^3.0.0"
    agentkeepalive "^4.2.1"
    digest-fetch "^1.3.0"
    form-data-encoder "1.7.2"
    formdata-node "^4.3.2"
    node-fetch "^2.6.7"
    web-streams-polyfill "^3.2.1"

humanize-ms@^1.2.1:
  version "1.2.1"
  resolved "https://registry.yarnpkg.com/humanize-ms/-/humanize-ms-1.2.1.tgz#c46e3159a293f6b896da29316d8b6fe8bb79bbed"
  integrity sha512-Fl70vYtsAFb/C06PTS9dZBo7ihau+Tu/DNCk/OyHhea07S+aeMWpFFkUaXRa8fI+ScZbEI8dfSxwY7gxZ9SAVQ==
  dependencies:
    ms "^2.0.0"

is-buffer@~1.1.6:
  version "1.1.6"
  resolved "https://registry.yarnpkg.com/is-buffer/-/is-buffer-1.1.6.tgz#efaa2ea9daa0d7ab2ea13a97b2b8ad51fefbe8be"
  integrity sha512-NcdALwpXkTm5Zvvbk7owOUSvVvBKDgKP5/ewfXEznmQFfs4ZRmanOeKBTjRVjka3QFoN6XJ+9F3USqfHqTaU5w==

md5@^2.3.0:
  version "2.3.0"
  resolved "https://registry.yarnpkg.com/md5/-/md5-2.3.0.tgz#c3da9a6aae3a30b46b7b0c349b87b110dc3bda4f"
  integrity sha512-T1GITYmFaKuO91vxyoQMFETst+O71VUPEU3ze5GNzDm0OWdP8v1ziTaAEPUr/3kLsY3Sftgz242A1SetQiDL7g==
  dependencies:
    charenc "0.0.2"
    crypt "0.0.2"
    is-buffer "~1.1.6"

mime-db@1.52.0:
  version "1.52.0"
  resolved "https://registry.yarnpkg.com/mime-db/-/mime-db-1.52.0.tgz#bbabcdc02859f4987301c856e3387ce5ec43bf70"
  integrity sha512-sPU4uV7dYlvtWJxwwxHD0PuihVNiE7TyAbQ5SWxDCB9mUYvOgroQOwYQQOKPJ8CIbE+1ETVlOoK1UC2nU3gYvg==

mime-types@^2.1.12:
  version "2.1.35"
  resolved "https://registry.yarnpkg.com/mime-types/-/mime-types-2.1.35.tgz#381a871b62a734450660ae3deee44813f70d959a"
  integrity sha512-ZDY+bPm5zTTF+YpCrAU9nK0UgICYPT0QtT1NZWFv4s++TNkcgVaT0g6+4R2uI4MjQjzysHB1zxuWL50hzaeXiw==
  dependencies:
    mime-db "1.52.0"

ms@^2.0.0:
  version "2.1.3"
  resolved "https://registry.yarnpkg.com/ms/-/ms-2.1.3.tgz#574c8138ce1d2b5861f0b44579dbadd60c6615b2"
  integrity sha512-6FlzubTLZG3J2a/NVCAleEhjzq5oxgHyaCU9yYXvcLsvoVaHJq/s5xXI6/XXP6tz7R9xAOtHnSO/tXtF3WRTlA==

node-domexception@1.0.0:
  version "1.0.0"
  resolved "https://registry.yarnpkg.com/node-domexception/-/node-domexception-1.0.0.tgz#6888db46a1f71c0b76b3f7555016b63fe64766e5"
  integrity sha512-/jKZoMpw0F8GRwl4/eLROPA3cfcXtLApP0QzLmUT/HuPCZWyB7IY9ZrMeKw2O/nFIqPQB3PVM9aYm0F312AXDQ==

node-fetch@^2.6.7:
  version "2.7.0"
  resolved "https://registry.yarnpkg.com/node-fetch/-/node-fetch-2.7.0.tgz#d0f0fa6e3e2dc1d27efcd8ad99d550bda94d187d"
  integrity sha512-c4FRfUm/dbcWZ7U+1Wq0AwCyFL+3nt2bEw05wfxSz+DWpWsitgmSgYmy2dQdWyKC1694ELPqMs/YzUSNozLt8A==
  dependencies:
    whatwg-url "^5.0.0"

resolve-pkg-maps@^1.0.0:
  version "1.0.0"
  resolved "https://registry.yarnpkg.com/resolve-pkg-maps/-/resolve-pkg-maps-1.0.0.tgz#616b3dc2c57056b5588c31cdf4b3d64db133720f"
  integrity sha512-seS2Tj26TBVOC2NIc2rOe2y2ZO7efxITtLZcGSOnHHNOQ7CkiUBfw0Iw2ck6xkIhPwLhKNLS8BO+hEpngQlqzw==

tr46@~0.0.3:
  version "0.0.3"
  resolved "https://registry.yarnpkg.com/tr46/-/tr46-0.0.3.tgz#8184fd347dac9cdc185992f3a6622e14b9d9ab6a"
  integrity sha512-N3WMsuqV66lT30CrXNbEjx4GEwlow3v6rr4mCcv6prnfwhS01rkgyFdjPNBYd9br7LpXV1+Emh01fHnq2Gdgrw==

tsx@^4.10.0:
  version "4.10.0"
  resolved "https://registry.yarnpkg.com/tsx/-/tsx-4.10.0.tgz#c9efb353f59219fe9056d4c271ef2f77563345c0"
  integrity sha512-Ct/j4Yv49EFlr1z5CT++ld+BUhjLRLtimE4hIDaW9zEVIp3xJOQdTDAan+KEXeme7GcYIGzFD421Zcqf9dHomw==
  dependencies:
    esbuild "~0.20.2"
    get-tsconfig "^4.7.3"
  optionalDependencies:
    fsevents "~2.3.3"

typescript@^5.4.5:
  version "5.4.5"
  resolved "https://registry.yarnpkg.com/typescript/-/typescript-5.4.5.tgz#42ccef2c571fdbd0f6718b1d1f5e6e5ef006f611"
  integrity sha512-vcI4UpRgg81oIRUFwR0WSIHKt11nJ7SAVlYNIu+QpqeyXP+gpQJy/Z4+F0aGxSE4MqwjyXvW/TzgkLAx2AGHwQ==

undici-types@~5.26.4:
  version "5.26.5"
  resolved "https://registry.yarnpkg.com/undici-types/-/undici-types-5.26.5.tgz#bcd539893d00b56e964fd2657a4866b221a65617"
  integrity sha512-JlCMO+ehdEIKqlFxk6IfVoAUVmgz7cU7zD/h9XZ0qzeosSHmUJVOzSQvvYSYWXkFXC+IfLKSIffhv0sVZup6pA==

web-streams-polyfill@4.0.0-beta.3:
  version "4.0.0-beta.3"
  resolved "https://registry.yarnpkg.com/web-streams-polyfill/-/web-streams-polyfill-4.0.0-beta.3.tgz#2898486b74f5156095e473efe989dcf185047a38"
  integrity sha512-QW95TCTaHmsYfHDybGMwO5IJIM93I/6vTRk+daHTWFPhwh+C8Cg7j7XyKrwrj8Ib6vYXe0ocYNrmzY4xAAN6ug==

web-streams-polyfill@^3.2.1:
  version "3.3.3"
  resolved "https://registry.yarnpkg.com/web-streams-polyfill/-/web-streams-polyfill-3.3.3.tgz#2073b91a2fdb1fbfbd401e7de0ac9f8214cecb4b"
  integrity sha512-d2JWLCivmZYTSIoge9MsgFCZrt571BikcWGYkjC1khllbTeDlGqZ2D8vD8E/lJa8WGWbb7Plm8/XJYV7IJHZZw==

webidl-conversions@^3.0.0:
  version "3.0.1"
  resolved "https://registry.yarnpkg.com/webidl-conversions/-/webidl-conversions-3.0.1.tgz#24534275e2a7bc6be7bc86611cc16ae0a5654871"
  integrity sha512-2JAn3z8AR6rjK8Sm8orRC0h/bcl/DqL7tRPdGZ4I1CjdF+EaMLmYxBHyXuKL849eucPFhvBoxMsflfOb8kxaeQ==

whatwg-url@^5.0.0:
  version "5.0.0"
  resolved "https://registry.yarnpkg.com/whatwg-url/-/whatwg-url-5.0.0.tgz#966454e8765462e37644d3626f6742ce8b70965d"
  integrity sha512-saE57nupxk6v3HY35+jzBwYa0rKSy0XR8JSxZPwgLr7ys0IBzhGviA1/TUGJLmSVqs8pb9AnvICXEuOHLprYTw==
  dependencies:
    tr46 "~0.0.3"
    webidl-conversions "^3.0.0"
